// !$*UTF8*$!
{
	archiveVersion = 1;
	classes = {
	};
	objectVersion = 46;
	objects = {

/* Begin PBXBuildFile section */
		163E0D655C8DC6578980957D /* Pods_ImageGallery.framework in Frameworks */ = {isa = PBXBuildFile; fileRef = 4D4B2FC033E40229DB5FEC18 /* Pods_ImageGallery.framework */; };
		F9365C811CBC1E6A0076FC30 /* AppDelegate.swift in Sources */ = {isa = PBXBuildFile; fileRef = F9365C111CBC1E6A0076FC30 /* AppDelegate.swift */; };
		F9365C821CBC1E6A0076FC30 /* Assets.xcassets in Resources */ = {isa = PBXBuildFile; fileRef = F9365C121CBC1E6A0076FC30 /* Assets.xcassets */; };
		F9365C831CBC1E6A0076FC30 /* LaunchScreen.storyboard in Resources */ = {isa = PBXBuildFile; fileRef = F9365C131CBC1E6A0076FC30 /* LaunchScreen.storyboard */; };
		F9365C841CBC1E6A0076FC30 /* Main.storyboard in Resources */ = {isa = PBXBuildFile; fileRef = F9365C151CBC1E6A0076FC30 /* Main.storyboard */; };
		F9365C851CBC1E6A0076FC30 /* AppInfoViewController.swift in Sources */ = {isa = PBXBuildFile; fileRef = F9365C181CBC1E6A0076FC30 /* AppInfoViewController.swift */; };
		F9365C861CBC1E6A0076FC30 /* DetailViewController.swift in Sources */ = {isa = PBXBuildFile; fileRef = F9365C191CBC1E6A0076FC30 /* DetailViewController.swift */; };
		F9365C871CBC1E6A0076FC30 /* HomeViewController.swift in Sources */ = {isa = PBXBuildFile; fileRef = F9365C1A1CBC1E6A0076FC30 /* HomeViewController.swift */; };
		F9365C881CBC1E6A0076FC30 /* LoginViewController.swift in Sources */ = {isa = PBXBuildFile; fileRef = F9365C1B1CBC1E6A0076FC30 /* LoginViewController.swift */; };
		F9365C891CBC1E6A0076FC30 /* iCarousel.m in Sources */ = {isa = PBXBuildFile; fileRef = F9365C1E1CBC1E6A0076FC30 /* iCarousel.m */; };
		F9365C8B1CBC1E6A0076FC30 /* IMGResponseSerializer.m in Sources */ = {isa = PBXBuildFile; fileRef = F9365C241CBC1E6A0076FC30 /* IMGResponseSerializer.m */; };
		F9365C8C1CBC1E6A0076FC30 /* IMGSession.m in Sources */ = {isa = PBXBuildFile; fileRef = F9365C261CBC1E6A0076FC30 /* IMGSession.m */; };
		F9365C8D1CBC1E6A0076FC30 /* IMGAccount.m in Sources */ = {isa = PBXBuildFile; fileRef = F9365C2A1CBC1E6A0076FC30 /* IMGAccount.m */; };
		F9365C8E1CBC1E6A0076FC30 /* IMGAccountSettings.m in Sources */ = {isa = PBXBuildFile; fileRef = F9365C2C1CBC1E6A0076FC30 /* IMGAccountSettings.m */; };
		F9365C8F1CBC1E6A0076FC30 /* IMGAlbum.m in Sources */ = {isa = PBXBuildFile; fileRef = F9365C2E1CBC1E6A0076FC30 /* IMGAlbum.m */; };
		F9365C901CBC1E6A0076FC30 /* IMGBasicAlbum.m in Sources */ = {isa = PBXBuildFile; fileRef = F9365C301CBC1E6A0076FC30 /* IMGBasicAlbum.m */; };
		F9365C911CBC1E6A0076FC30 /* IMGComment.m in Sources */ = {isa = PBXBuildFile; fileRef = F9365C321CBC1E6A0076FC30 /* IMGComment.m */; };
		F9365C921CBC1E6A0076FC30 /* IMGConversation.m in Sources */ = {isa = PBXBuildFile; fileRef = F9365C341CBC1E6A0076FC30 /* IMGConversation.m */; };
		F9365C931CBC1E6A0076FC30 /* IMGGalleryAlbum.m in Sources */ = {isa = PBXBuildFile; fileRef = F9365C361CBC1E6A0076FC30 /* IMGGalleryAlbum.m */; };
		F9365C941CBC1E6A0076FC30 /* IMGGalleryImage.m in Sources */ = {isa = PBXBuildFile; fileRef = F9365C381CBC1E6A0076FC30 /* IMGGalleryImage.m */; };
		F9365C951CBC1E6A0076FC30 /* IMGGalleryProfile.m in Sources */ = {isa = PBXBuildFile; fileRef = F9365C3B1CBC1E6A0076FC30 /* IMGGalleryProfile.m */; };
		F9365C961CBC1E6A0076FC30 /* IMGImage.m in Sources */ = {isa = PBXBuildFile; fileRef = F9365C3D1CBC1E6A0076FC30 /* IMGImage.m */; };
		F9365C971CBC1E6A0076FC30 /* IMGMeme.m in Sources */ = {isa = PBXBuildFile; fileRef = F9365C3F1CBC1E6A0076FC30 /* IMGMeme.m */; };
		F9365C981CBC1E6A0076FC30 /* IMGMessage.m in Sources */ = {isa = PBXBuildFile; fileRef = F9365C411CBC1E6A0076FC30 /* IMGMessage.m */; };
		F9365C991CBC1E6A0076FC30 /* IMGModel.m in Sources */ = {isa = PBXBuildFile; fileRef = F9365C431CBC1E6A0076FC30 /* IMGModel.m */; };
		F9365C9A1CBC1E6A0076FC30 /* IMGNotification.m in Sources */ = {isa = PBXBuildFile; fileRef = F9365C451CBC1E6A0076FC30 /* IMGNotification.m */; };
		F9365C9B1CBC1E6A0076FC30 /* IMGVote.m in Sources */ = {isa = PBXBuildFile; fileRef = F9365C481CBC1E6A0076FC30 /* IMGVote.m */; };
		F9365C9C1CBC1E6A0076FC30 /* NSDictionary+IMG.m in Sources */ = {isa = PBXBuildFile; fileRef = F9365C4A1CBC1E6A0076FC30 /* NSDictionary+IMG.m */; };
		F9365C9D1CBC1E6A0076FC30 /* NSError+IMGError.m in Sources */ = {isa = PBXBuildFile; fileRef = F9365C4C1CBC1E6A0076FC30 /* NSError+IMGError.m */; };
		F9365C9E1CBC1E6A0076FC30 /* IMGAccountRequest.m in Sources */ = {isa = PBXBuildFile; fileRef = F9365C4F1CBC1E6A0076FC30 /* IMGAccountRequest.m */; };
		F9365C9F1CBC1E6A0076FC30 /* IMGAlbumRequest.m in Sources */ = {isa = PBXBuildFile; fileRef = F9365C511CBC1E6A0076FC30 /* IMGAlbumRequest.m */; };
		F9365CA01CBC1E6A0076FC30 /* IMGCommentRequest.m in Sources */ = {isa = PBXBuildFile; fileRef = F9365C531CBC1E6A0076FC30 /* IMGCommentRequest.m */; };
		F9365CA11CBC1E6A0076FC30 /* IMGConversationRequest.m in Sources */ = {isa = PBXBuildFile; fileRef = F9365C551CBC1E6A0076FC30 /* IMGConversationRequest.m */; };
		F9365CA21CBC1E6A0076FC30 /* IMGEndpoint.m in Sources */ = {isa = PBXBuildFile; fileRef = F9365C571CBC1E6A0076FC30 /* IMGEndpoint.m */; };
		F9365CA31CBC1E6A0076FC30 /* IMGGalleryRequest.m in Sources */ = {isa = PBXBuildFile; fileRef = F9365C591CBC1E6A0076FC30 /* IMGGalleryRequest.m */; };
		F9365CA41CBC1E6A0076FC30 /* IMGImageRequest.m in Sources */ = {isa = PBXBuildFile; fileRef = F9365C5B1CBC1E6A0076FC30 /* IMGImageRequest.m */; };
		F9365CA51CBC1E6A0076FC30 /* IMGMemeGen.m in Sources */ = {isa = PBXBuildFile; fileRef = F9365C5D1CBC1E6A0076FC30 /* IMGMemeGen.m */; };
		F9365CA61CBC1E6A0076FC30 /* IMGNotificationRequest.m in Sources */ = {isa = PBXBuildFile; fileRef = F9365C5F1CBC1E6A0076FC30 /* IMGNotificationRequest.m */; };
		F9365CA71CBC1E6A0076FC30 /* Info.plist in Resources */ = {isa = PBXBuildFile; fileRef = F9365C601CBC1E6A0076FC30 /* Info.plist */; };
		F9365CA81CBC1E6A0076FC30 /* Constants.swift in Sources */ = {isa = PBXBuildFile; fileRef = F9365C631CBC1E6A0076FC30 /* Constants.swift */; };
		F9365CA91CBC1E6A0076FC30 /* DataManager.swift in Sources */ = {isa = PBXBuildFile; fileRef = F9365C641CBC1E6A0076FC30 /* DataManager.swift */; };
		F9365CAA1CBC1E6A0076FC30 /* NetworkManager.swift in Sources */ = {isa = PBXBuildFile; fileRef = F9365C651CBC1E6A0076FC30 /* NetworkManager.swift */; };
		F9365CAB1CBC1E6A0076FC30 /* UIScrollView+Custom.swift in Sources */ = {isa = PBXBuildFile; fileRef = F9365C671CBC1E6A0076FC30 /* UIScrollView+Custom.swift */; };
		F9365CAC1CBC1E6A0076FC30 /* Protocols.swift in Sources */ = {isa = PBXBuildFile; fileRef = F9365C691CBC1E6A0076FC30 /* Protocols.swift */; };
		F9365CAD1CBC1E6A0076FC30 /* appicon1.png in Resources */ = {isa = PBXBuildFile; fileRef = F9365C6C1CBC1E6A0076FC30 /* appicon1.png */; };
		F9365CAE1CBC1E6A0076FC30 /* appicon2png.png in Resources */ = {isa = PBXBuildFile; fileRef = F9365C6D1CBC1E6A0076FC30 /* appicon2png.png */; };
		F9365CAF1CBC1E6A0076FC30 /* backArrow.png in Resources */ = {isa = PBXBuildFile; fileRef = F9365C6E1CBC1E6A0076FC30 /* backArrow.png */; };
		F9365CB01CBC1E6A0076FC30 /* DownArrow.png in Resources */ = {isa = PBXBuildFile; fileRef = F9365C6F1CBC1E6A0076FC30 /* DownArrow.png */; };
		F9365CB11CBC1E6A0076FC30 /* gridIcon.png in Resources */ = {isa = PBXBuildFile; fileRef = F9365C701CBC1E6A0076FC30 /* gridIcon.png */; };
		F9365CB21CBC1E6A0076FC30 /* listIcon.png in Resources */ = {isa = PBXBuildFile; fileRef = F9365C711CBC1E6A0076FC30 /* listIcon.png */; };
		F9365CB31CBC1E6A0076FC30 /* placeholder2.png in Resources */ = {isa = PBXBuildFile; fileRef = F9365C721CBC1E6A0076FC30 /* placeholder2.png */; };
		F9365CB41CBC1E6A0076FC30 /* staggeredGridIcon.png in Resources */ = {isa = PBXBuildFile; fileRef = F9365C741CBC1E6A0076FC30 /* staggeredGridIcon.png */; };
		F9365CB51CBC1E6A0076FC30 /* UpArrow.png in Resources */ = {isa = PBXBuildFile; fileRef = F9365C751CBC1E6A0076FC30 /* UpArrow.png */; };
		F9365CB61CBC1E6A0076FC30 /* GalleryCollectionView.swift in Sources */ = {isa = PBXBuildFile; fileRef = F9365C791CBC1E6A0076FC30 /* GalleryCollectionView.swift */; };
		F9365CB71CBC1E6A0076FC30 /* GalleryCollectionViewCell.swift in Sources */ = {isa = PBXBuildFile; fileRef = F9365C7A1CBC1E6A0076FC30 /* GalleryCollectionViewCell.swift */; };
		F9365CB81CBC1E6A0076FC30 /* GalleryCollectionViewCell.xib in Resources */ = {isa = PBXBuildFile; fileRef = F9365C7B1CBC1E6A0076FC30 /* GalleryCollectionViewCell.xib */; };
		F9365CB91CBC1E6A0076FC30 /* GalleryTableView.swift in Sources */ = {isa = PBXBuildFile; fileRef = F9365C7D1CBC1E6A0076FC30 /* GalleryTableView.swift */; };
		F9365CBA1CBC1E6A0076FC30 /* GalleryTableViewCell.swift in Sources */ = {isa = PBXBuildFile; fileRef = F9365C7E1CBC1E6A0076FC30 /* GalleryTableViewCell.swift */; };
		F9365CBB1CBC1E6A0076FC30 /* GalleryTableViewCell.xib in Resources */ = {isa = PBXBuildFile; fileRef = F9365C7F1CBC1E6A0076FC30 /* GalleryTableViewCell.xib */; };
		F9365CBC1CBC1E6A0076FC30 /* MenuTableView.swift in Sources */ = {isa = PBXBuildFile; fileRef = F9365C801CBC1E6A0076FC30 /* MenuTableView.swift */; };
		F9365CC31CBC1F300076FC30 /* Staggered_Grid.png in Resources */ = {isa = PBXBuildFile; fileRef = F9365CBE1CBC1F300076FC30 /* Staggered_Grid.png */; };
		F9365CC41CBC1F300076FC30 /* List.png in Resources */ = {isa = PBXBuildFile; fileRef = F9365CBF1CBC1F300076FC30 /* List.png */; };
		F9365CC51CBC1F300076FC30 /* Grid.png in Resources */ = {isa = PBXBuildFile; fileRef = F9365CC01CBC1F300076FC30 /* Grid.png */; };
		F9365CC61CBC1F300076FC30 /* Main_Menu.png in Resources */ = {isa = PBXBuildFile; fileRef = F9365CC11CBC1F300076FC30 /* Main_Menu.png */; };
		F9365CC71CBC1F300076FC30 /* Image_Gallery.png in Resources */ = {isa = PBXBuildFile; fileRef = F9365CC21CBC1F300076FC30 /* Image_Gallery.png */; };
		F9365CCB1CBC23760076FC30 /* App_Info.png in Resources */ = {isa = PBXBuildFile; fileRef = F9365CCA1CBC23760076FC30 /* App_Info.png */; };
		F99273221CB422B0001CC471 /* ImageGalleryTests.swift in Sources */ = {isa = PBXBuildFile; fileRef = F99273211CB422B0001CC471 /* ImageGalleryTests.swift */; };
		F992732D1CB422B0001CC471 /* ImageGalleryUITests.swift in Sources */ = {isa = PBXBuildFile; fileRef = F992732C1CB422B0001CC471 /* ImageGalleryUITests.swift */; };
/* End PBXBuildFile section */

/* Begin PBXContainerItemProxy section */
		F992731E1CB422B0001CC471 /* PBXContainerItemProxy */ = {
			isa = PBXContainerItemProxy;
			containerPortal = F99273011CB422B0001CC471 /* Project object */;
			proxyType = 1;
			remoteGlobalIDString = F99273081CB422B0001CC471;
			remoteInfo = ImageGallery;
		};
		F99273291CB422B0001CC471 /* PBXContainerItemProxy */ = {
			isa = PBXContainerItemProxy;
			containerPortal = F99273011CB422B0001CC471 /* Project object */;
			proxyType = 1;
			remoteGlobalIDString = F99273081CB422B0001CC471;
			remoteInfo = ImageGallery;
		};
/* End PBXContainerItemProxy section */

/* Begin PBXFileReference section */
		4D4B2FC033E40229DB5FEC18 /* Pods_ImageGallery.framework */ = {isa = PBXFileReference; explicitFileType = wrapper.framework; includeInIndex = 0; path = Pods_ImageGallery.framework; sourceTree = BUILT_PRODUCTS_DIR; };
		775BE9432AD52FB5162B97BC /* Pods-ImageGallery.debug.xcconfig */ = {isa = PBXFileReference; includeInIndex = 1; lastKnownFileType = text.xcconfig; name = "Pods-ImageGallery.debug.xcconfig"; path = "Pods/Target Support Files/Pods-ImageGallery/Pods-ImageGallery.debug.xcconfig"; sourceTree = "<group>"; };
		931DA09D4300928E5E8D8B36 /* Pods-ImageGallery.release.xcconfig */ = {isa = PBXFileReference; includeInIndex = 1; lastKnownFileType = text.xcconfig; name = "Pods-ImageGallery.release.xcconfig"; path = "Pods/Target Support Files/Pods-ImageGallery/Pods-ImageGallery.release.xcconfig"; sourceTree = "<group>"; };
		F9365C111CBC1E6A0076FC30 /* AppDelegate.swift */ = {isa = PBXFileReference; fileEncoding = 4; lastKnownFileType = sourcecode.swift; path = AppDelegate.swift; sourceTree = "<group>"; };
		F9365C121CBC1E6A0076FC30 /* Assets.xcassets */ = {isa = PBXFileReference; lastKnownFileType = folder.assetcatalog; path = Assets.xcassets; sourceTree = "<group>"; };
		F9365C141CBC1E6A0076FC30 /* Base */ = {isa = PBXFileReference; lastKnownFileType = file.storyboard; name = Base; path = Base.lproj/LaunchScreen.storyboard; sourceTree = "<group>"; };
		F9365C161CBC1E6A0076FC30 /* Base */ = {isa = PBXFileReference; lastKnownFileType = file.storyboard; name = Base; path = Base.lproj/Main.storyboard; sourceTree = "<group>"; };
		F9365C181CBC1E6A0076FC30 /* AppInfoViewController.swift */ = {isa = PBXFileReference; fileEncoding = 4; lastKnownFileType = sourcecode.swift; path = AppInfoViewController.swift; sourceTree = "<group>"; };
		F9365C191CBC1E6A0076FC30 /* DetailViewController.swift */ = {isa = PBXFileReference; fileEncoding = 4; lastKnownFileType = sourcecode.swift; path = DetailViewController.swift; sourceTree = "<group>"; };
		F9365C1A1CBC1E6A0076FC30 /* HomeViewController.swift */ = {isa = PBXFileReference; fileEncoding = 4; lastKnownFileType = sourcecode.swift; path = HomeViewController.swift; sourceTree = "<group>"; };
		F9365C1B1CBC1E6A0076FC30 /* LoginViewController.swift */ = {isa = PBXFileReference; fileEncoding = 4; lastKnownFileType = sourcecode.swift; path = LoginViewController.swift; sourceTree = "<group>"; };
		F9365C1D1CBC1E6A0076FC30 /* iCarousel.h */ = {isa = PBXFileReference; fileEncoding = 4; lastKnownFileType = sourcecode.c.h; path = iCarousel.h; sourceTree = "<group>"; };
		F9365C1E1CBC1E6A0076FC30 /* iCarousel.m */ = {isa = PBXFileReference; fileEncoding = 4; lastKnownFileType = sourcecode.c.objc; path = iCarousel.m; sourceTree = "<group>"; };
		F9365C231CBC1E6A0076FC30 /* IMGResponseSerializer.h */ = {isa = PBXFileReference; fileEncoding = 4; lastKnownFileType = sourcecode.c.h; path = IMGResponseSerializer.h; sourceTree = "<group>"; };
		F9365C241CBC1E6A0076FC30 /* IMGResponseSerializer.m */ = {isa = PBXFileReference; fileEncoding = 4; lastKnownFileType = sourcecode.c.objc; path = IMGResponseSerializer.m; sourceTree = "<group>"; };
		F9365C251CBC1E6A0076FC30 /* IMGSession.h */ = {isa = PBXFileReference; fileEncoding = 4; lastKnownFileType = sourcecode.c.h; path = IMGSession.h; sourceTree = "<group>"; };
		F9365C261CBC1E6A0076FC30 /* IMGSession.m */ = {isa = PBXFileReference; fileEncoding = 4; lastKnownFileType = sourcecode.c.objc; path = IMGSession.m; sourceTree = "<group>"; };
		F9365C271CBC1E6A0076FC30 /* ImgurSession.h */ = {isa = PBXFileReference; fileEncoding = 4; lastKnownFileType = sourcecode.c.h; path = ImgurSession.h; sourceTree = "<group>"; };
		F9365C291CBC1E6A0076FC30 /* IMGAccount.h */ = {isa = PBXFileReference; fileEncoding = 4; lastKnownFileType = sourcecode.c.h; path = IMGAccount.h; sourceTree = "<group>"; };
		F9365C2A1CBC1E6A0076FC30 /* IMGAccount.m */ = {isa = PBXFileReference; fileEncoding = 4; lastKnownFileType = sourcecode.c.objc; path = IMGAccount.m; sourceTree = "<group>"; };
		F9365C2B1CBC1E6A0076FC30 /* IMGAccountSettings.h */ = {isa = PBXFileReference; fileEncoding = 4; lastKnownFileType = sourcecode.c.h; path = IMGAccountSettings.h; sourceTree = "<group>"; };
		F9365C2C1CBC1E6A0076FC30 /* IMGAccountSettings.m */ = {isa = PBXFileReference; fileEncoding = 4; lastKnownFileType = sourcecode.c.objc; path = IMGAccountSettings.m; sourceTree = "<group>"; };
		F9365C2D1CBC1E6A0076FC30 /* IMGAlbum.h */ = {isa = PBXFileReference; fileEncoding = 4; lastKnownFileType = sourcecode.c.h; path = IMGAlbum.h; sourceTree = "<group>"; };
		F9365C2E1CBC1E6A0076FC30 /* IMGAlbum.m */ = {isa = PBXFileReference; fileEncoding = 4; lastKnownFileType = sourcecode.c.objc; path = IMGAlbum.m; sourceTree = "<group>"; };
		F9365C2F1CBC1E6A0076FC30 /* IMGBasicAlbum.h */ = {isa = PBXFileReference; fileEncoding = 4; lastKnownFileType = sourcecode.c.h; path = IMGBasicAlbum.h; sourceTree = "<group>"; };
		F9365C301CBC1E6A0076FC30 /* IMGBasicAlbum.m */ = {isa = PBXFileReference; fileEncoding = 4; lastKnownFileType = sourcecode.c.objc; path = IMGBasicAlbum.m; sourceTree = "<group>"; };
		F9365C311CBC1E6A0076FC30 /* IMGComment.h */ = {isa = PBXFileReference; fileEncoding = 4; lastKnownFileType = sourcecode.c.h; path = IMGComment.h; sourceTree = "<group>"; };
		F9365C321CBC1E6A0076FC30 /* IMGComment.m */ = {isa = PBXFileReference; fileEncoding = 4; lastKnownFileType = sourcecode.c.objc; path = IMGComment.m; sourceTree = "<group>"; };
		F9365C331CBC1E6A0076FC30 /* IMGConversation.h */ = {isa = PBXFileReference; fileEncoding = 4; lastKnownFileType = sourcecode.c.h; path = IMGConversation.h; sourceTree = "<group>"; };
		F9365C341CBC1E6A0076FC30 /* IMGConversation.m */ = {isa = PBXFileReference; fileEncoding = 4; lastKnownFileType = sourcecode.c.objc; path = IMGConversation.m; sourceTree = "<group>"; };
		F9365C351CBC1E6A0076FC30 /* IMGGalleryAlbum.h */ = {isa = PBXFileReference; fileEncoding = 4; lastKnownFileType = sourcecode.c.h; path = IMGGalleryAlbum.h; sourceTree = "<group>"; };
		F9365C361CBC1E6A0076FC30 /* IMGGalleryAlbum.m */ = {isa = PBXFileReference; fileEncoding = 4; lastKnownFileType = sourcecode.c.objc; path = IMGGalleryAlbum.m; sourceTree = "<group>"; };
		F9365C371CBC1E6A0076FC30 /* IMGGalleryImage.h */ = {isa = PBXFileReference; fileEncoding = 4; lastKnownFileType = sourcecode.c.h; path = IMGGalleryImage.h; sourceTree = "<group>"; };
		F9365C381CBC1E6A0076FC30 /* IMGGalleryImage.m */ = {isa = PBXFileReference; fileEncoding = 4; lastKnownFileType = sourcecode.c.objc; path = IMGGalleryImage.m; sourceTree = "<group>"; };
		F9365C391CBC1E6A0076FC30 /* IMGGalleryObject.h */ = {isa = PBXFileReference; fileEncoding = 4; lastKnownFileType = sourcecode.c.h; path = IMGGalleryObject.h; sourceTree = "<group>"; };
		F9365C3A1CBC1E6A0076FC30 /* IMGGalleryProfile.h */ = {isa = PBXFileReference; fileEncoding = 4; lastKnownFileType = sourcecode.c.h; path = IMGGalleryProfile.h; sourceTree = "<group>"; };
		F9365C3B1CBC1E6A0076FC30 /* IMGGalleryProfile.m */ = {isa = PBXFileReference; fileEncoding = 4; lastKnownFileType = sourcecode.c.objc; path = IMGGalleryProfile.m; sourceTree = "<group>"; };
		F9365C3C1CBC1E6A0076FC30 /* IMGImage.h */ = {isa = PBXFileReference; fileEncoding = 4; lastKnownFileType = sourcecode.c.h; path = IMGImage.h; sourceTree = "<group>"; };
		F9365C3D1CBC1E6A0076FC30 /* IMGImage.m */ = {isa = PBXFileReference; fileEncoding = 4; lastKnownFileType = sourcecode.c.objc; path = IMGImage.m; sourceTree = "<group>"; };
		F9365C3E1CBC1E6A0076FC30 /* IMGMeme.h */ = {isa = PBXFileReference; fileEncoding = 4; lastKnownFileType = sourcecode.c.h; path = IMGMeme.h; sourceTree = "<group>"; };
		F9365C3F1CBC1E6A0076FC30 /* IMGMeme.m */ = {isa = PBXFileReference; fileEncoding = 4; lastKnownFileType = sourcecode.c.objc; path = IMGMeme.m; sourceTree = "<group>"; };
		F9365C401CBC1E6A0076FC30 /* IMGMessage.h */ = {isa = PBXFileReference; fileEncoding = 4; lastKnownFileType = sourcecode.c.h; path = IMGMessage.h; sourceTree = "<group>"; };
		F9365C411CBC1E6A0076FC30 /* IMGMessage.m */ = {isa = PBXFileReference; fileEncoding = 4; lastKnownFileType = sourcecode.c.objc; path = IMGMessage.m; sourceTree = "<group>"; };
		F9365C421CBC1E6A0076FC30 /* IMGModel.h */ = {isa = PBXFileReference; fileEncoding = 4; lastKnownFileType = sourcecode.c.h; path = IMGModel.h; sourceTree = "<group>"; };
		F9365C431CBC1E6A0076FC30 /* IMGModel.m */ = {isa = PBXFileReference; fileEncoding = 4; lastKnownFileType = sourcecode.c.objc; path = IMGModel.m; sourceTree = "<group>"; };
		F9365C441CBC1E6A0076FC30 /* IMGNotification.h */ = {isa = PBXFileReference; fileEncoding = 4; lastKnownFileType = sourcecode.c.h; path = IMGNotification.h; sourceTree = "<group>"; };
		F9365C451CBC1E6A0076FC30 /* IMGNotification.m */ = {isa = PBXFileReference; fileEncoding = 4; lastKnownFileType = sourcecode.c.objc; path = IMGNotification.m; sourceTree = "<group>"; };
		F9365C461CBC1E6A0076FC30 /* IMGObject.h */ = {isa = PBXFileReference; fileEncoding = 4; lastKnownFileType = sourcecode.c.h; path = IMGObject.h; sourceTree = "<group>"; };
		F9365C471CBC1E6A0076FC30 /* IMGVote.h */ = {isa = PBXFileReference; fileEncoding = 4; lastKnownFileType = sourcecode.c.h; path = IMGVote.h; sourceTree = "<group>"; };
		F9365C481CBC1E6A0076FC30 /* IMGVote.m */ = {isa = PBXFileReference; fileEncoding = 4; lastKnownFileType = sourcecode.c.objc; path = IMGVote.m; sourceTree = "<group>"; };
		F9365C491CBC1E6A0076FC30 /* NSDictionary+IMG.h */ = {isa = PBXFileReference; fileEncoding = 4; lastKnownFileType = sourcecode.c.h; path = "NSDictionary+IMG.h"; sourceTree = "<group>"; };
		F9365C4A1CBC1E6A0076FC30 /* NSDictionary+IMG.m */ = {isa = PBXFileReference; fileEncoding = 4; lastKnownFileType = sourcecode.c.objc; path = "NSDictionary+IMG.m"; sourceTree = "<group>"; };
		F9365C4B1CBC1E6A0076FC30 /* NSError+IMGError.h */ = {isa = PBXFileReference; fileEncoding = 4; lastKnownFileType = sourcecode.c.h; path = "NSError+IMGError.h"; sourceTree = "<group>"; };
		F9365C4C1CBC1E6A0076FC30 /* NSError+IMGError.m */ = {isa = PBXFileReference; fileEncoding = 4; lastKnownFileType = sourcecode.c.objc; path = "NSError+IMGError.m"; sourceTree = "<group>"; };
		F9365C4E1CBC1E6A0076FC30 /* IMGAccountRequest.h */ = {isa = PBXFileReference; fileEncoding = 4; lastKnownFileType = sourcecode.c.h; path = IMGAccountRequest.h; sourceTree = "<group>"; };
		F9365C4F1CBC1E6A0076FC30 /* IMGAccountRequest.m */ = {isa = PBXFileReference; fileEncoding = 4; lastKnownFileType = sourcecode.c.objc; path = IMGAccountRequest.m; sourceTree = "<group>"; };
		F9365C501CBC1E6A0076FC30 /* IMGAlbumRequest.h */ = {isa = PBXFileReference; fileEncoding = 4; lastKnownFileType = sourcecode.c.h; path = IMGAlbumRequest.h; sourceTree = "<group>"; };
		F9365C511CBC1E6A0076FC30 /* IMGAlbumRequest.m */ = {isa = PBXFileReference; fileEncoding = 4; lastKnownFileType = sourcecode.c.objc; path = IMGAlbumRequest.m; sourceTree = "<group>"; };
		F9365C521CBC1E6A0076FC30 /* IMGCommentRequest.h */ = {isa = PBXFileReference; fileEncoding = 4; lastKnownFileType = sourcecode.c.h; path = IMGCommentRequest.h; sourceTree = "<group>"; };
		F9365C531CBC1E6A0076FC30 /* IMGCommentRequest.m */ = {isa = PBXFileReference; fileEncoding = 4; lastKnownFileType = sourcecode.c.objc; path = IMGCommentRequest.m; sourceTree = "<group>"; };
		F9365C541CBC1E6A0076FC30 /* IMGConversationRequest.h */ = {isa = PBXFileReference; fileEncoding = 4; lastKnownFileType = sourcecode.c.h; path = IMGConversationRequest.h; sourceTree = "<group>"; };
		F9365C551CBC1E6A0076FC30 /* IMGConversationRequest.m */ = {isa = PBXFileReference; fileEncoding = 4; lastKnownFileType = sourcecode.c.objc; path = IMGConversationRequest.m; sourceTree = "<group>"; };
		F9365C561CBC1E6A0076FC30 /* IMGEndpoint.h */ = {isa = PBXFileReference; fileEncoding = 4; lastKnownFileType = sourcecode.c.h; path = IMGEndpoint.h; sourceTree = "<group>"; };
		F9365C571CBC1E6A0076FC30 /* IMGEndpoint.m */ = {isa = PBXFileReference; fileEncoding = 4; lastKnownFileType = sourcecode.c.objc; path = IMGEndpoint.m; sourceTree = "<group>"; };
		F9365C581CBC1E6A0076FC30 /* IMGGalleryRequest.h */ = {isa = PBXFileReference; fileEncoding = 4; lastKnownFileType = sourcecode.c.h; path = IMGGalleryRequest.h; sourceTree = "<group>"; };
		F9365C591CBC1E6A0076FC30 /* IMGGalleryRequest.m */ = {isa = PBXFileReference; fileEncoding = 4; lastKnownFileType = sourcecode.c.objc; path = IMGGalleryRequest.m; sourceTree = "<group>"; };
		F9365C5A1CBC1E6A0076FC30 /* IMGImageRequest.h */ = {isa = PBXFileReference; fileEncoding = 4; lastKnownFileType = sourcecode.c.h; path = IMGImageRequest.h; sourceTree = "<group>"; };
		F9365C5B1CBC1E6A0076FC30 /* IMGImageRequest.m */ = {isa = PBXFileReference; fileEncoding = 4; lastKnownFileType = sourcecode.c.objc; path = IMGImageRequest.m; sourceTree = "<group>"; };
		F9365C5C1CBC1E6A0076FC30 /* IMGMemeGen.h */ = {isa = PBXFileReference; fileEncoding = 4; lastKnownFileType = sourcecode.c.h; path = IMGMemeGen.h; sourceTree = "<group>"; };
		F9365C5D1CBC1E6A0076FC30 /* IMGMemeGen.m */ = {isa = PBXFileReference; fileEncoding = 4; lastKnownFileType = sourcecode.c.objc; path = IMGMemeGen.m; sourceTree = "<group>"; };
		F9365C5E1CBC1E6A0076FC30 /* IMGNotificationRequest.h */ = {isa = PBXFileReference; fileEncoding = 4; lastKnownFileType = sourcecode.c.h; path = IMGNotificationRequest.h; sourceTree = "<group>"; };
		F9365C5F1CBC1E6A0076FC30 /* IMGNotificationRequest.m */ = {isa = PBXFileReference; fileEncoding = 4; lastKnownFileType = sourcecode.c.objc; path = IMGNotificationRequest.m; sourceTree = "<group>"; };
		F9365C601CBC1E6A0076FC30 /* Info.plist */ = {isa = PBXFileReference; fileEncoding = 4; lastKnownFileType = text.plist.xml; path = Info.plist; sourceTree = "<group>"; };
		F9365C631CBC1E6A0076FC30 /* Constants.swift */ = {isa = PBXFileReference; fileEncoding = 4; lastKnownFileType = sourcecode.swift; path = Constants.swift; sourceTree = "<group>"; };
		F9365C641CBC1E6A0076FC30 /* DataManager.swift */ = {isa = PBXFileReference; fileEncoding = 4; lastKnownFileType = sourcecode.swift; path = DataManager.swift; sourceTree = "<group>"; };
		F9365C651CBC1E6A0076FC30 /* NetworkManager.swift */ = {isa = PBXFileReference; fileEncoding = 4; lastKnownFileType = sourcecode.swift; path = NetworkManager.swift; sourceTree = "<group>"; };
		F9365C671CBC1E6A0076FC30 /* UIScrollView+Custom.swift */ = {isa = PBXFileReference; fileEncoding = 4; lastKnownFileType = sourcecode.swift; path = "UIScrollView+Custom.swift"; sourceTree = "<group>"; };
		F9365C691CBC1E6A0076FC30 /* Protocols.swift */ = {isa = PBXFileReference; fileEncoding = 4; lastKnownFileType = sourcecode.swift; path = Protocols.swift; sourceTree = "<group>"; };
		F9365C6C1CBC1E6A0076FC30 /* appicon1.png */ = {isa = PBXFileReference; lastKnownFileType = image.png; path = appicon1.png; sourceTree = "<group>"; };
		F9365C6D1CBC1E6A0076FC30 /* appicon2png.png */ = {isa = PBXFileReference; lastKnownFileType = image.png; path = appicon2png.png; sourceTree = "<group>"; };
		F9365C6E1CBC1E6A0076FC30 /* backArrow.png */ = {isa = PBXFileReference; lastKnownFileType = image.png; path = backArrow.png; sourceTree = "<group>"; };
		F9365C6F1CBC1E6A0076FC30 /* DownArrow.png */ = {isa = PBXFileReference; lastKnownFileType = image.png; path = DownArrow.png; sourceTree = "<group>"; };
		F9365C701CBC1E6A0076FC30 /* gridIcon.png */ = {isa = PBXFileReference; lastKnownFileType = image.png; path = gridIcon.png; sourceTree = "<group>"; };
		F9365C711CBC1E6A0076FC30 /* listIcon.png */ = {isa = PBXFileReference; lastKnownFileType = image.png; path = listIcon.png; sourceTree = "<group>"; };
		F9365C721CBC1E6A0076FC30 /* placeholder2.png */ = {isa = PBXFileReference; lastKnownFileType = image.png; path = placeholder2.png; sourceTree = "<group>"; };
		F9365C741CBC1E6A0076FC30 /* staggeredGridIcon.png */ = {isa = PBXFileReference; lastKnownFileType = image.png; path = staggeredGridIcon.png; sourceTree = "<group>"; };
		F9365C751CBC1E6A0076FC30 /* UpArrow.png */ = {isa = PBXFileReference; lastKnownFileType = image.png; path = UpArrow.png; sourceTree = "<group>"; };
		F9365C791CBC1E6A0076FC30 /* GalleryCollectionView.swift */ = {isa = PBXFileReference; fileEncoding = 4; lastKnownFileType = sourcecode.swift; path = GalleryCollectionView.swift; sourceTree = "<group>"; };
		F9365C7A1CBC1E6A0076FC30 /* GalleryCollectionViewCell.swift */ = {isa = PBXFileReference; fileEncoding = 4; lastKnownFileType = sourcecode.swift; path = GalleryCollectionViewCell.swift; sourceTree = "<group>"; };
		F9365C7B1CBC1E6A0076FC30 /* GalleryCollectionViewCell.xib */ = {isa = PBXFileReference; fileEncoding = 4; lastKnownFileType = file.xib; path = GalleryCollectionViewCell.xib; sourceTree = "<group>"; };
		F9365C7D1CBC1E6A0076FC30 /* GalleryTableView.swift */ = {isa = PBXFileReference; fileEncoding = 4; lastKnownFileType = sourcecode.swift; path = GalleryTableView.swift; sourceTree = "<group>"; };
		F9365C7E1CBC1E6A0076FC30 /* GalleryTableViewCell.swift */ = {isa = PBXFileReference; fileEncoding = 4; lastKnownFileType = sourcecode.swift; path = GalleryTableViewCell.swift; sourceTree = "<group>"; };
		F9365C7F1CBC1E6A0076FC30 /* GalleryTableViewCell.xib */ = {isa = PBXFileReference; fileEncoding = 4; lastKnownFileType = file.xib; path = GalleryTableViewCell.xib; sourceTree = "<group>"; };
		F9365C801CBC1E6A0076FC30 /* MenuTableView.swift */ = {isa = PBXFileReference; fileEncoding = 4; lastKnownFileType = sourcecode.swift; path = MenuTableView.swift; sourceTree = "<group>"; };
		F9365CBE1CBC1F300076FC30 /* Staggered_Grid.png */ = {isa = PBXFileReference; lastKnownFileType = image.png; path = Staggered_Grid.png; sourceTree = "<group>"; };
		F9365CBF1CBC1F300076FC30 /* List.png */ = {isa = PBXFileReference; lastKnownFileType = image.png; path = List.png; sourceTree = "<group>"; };
		F9365CC01CBC1F300076FC30 /* Grid.png */ = {isa = PBXFileReference; lastKnownFileType = image.png; path = Grid.png; sourceTree = "<group>"; };
		F9365CC11CBC1F300076FC30 /* Main_Menu.png */ = {isa = PBXFileReference; lastKnownFileType = image.png; path = Main_Menu.png; sourceTree = "<group>"; };
		F9365CC21CBC1F300076FC30 /* Image_Gallery.png */ = {isa = PBXFileReference; lastKnownFileType = image.png; path = Image_Gallery.png; sourceTree = "<group>"; };
		F9365CCA1CBC23760076FC30 /* App_Info.png */ = {isa = PBXFileReference; lastKnownFileType = image.png; path = App_Info.png; sourceTree = "<group>"; };
		F96702121CB5889A00E5759D /* Bridging_Header.h */ = {isa = PBXFileReference; lastKnownFileType = sourcecode.c.h; path = Bridging_Header.h; sourceTree = "<group>"; };
		F99273091CB422B0001CC471 /* ImageGallery.app */ = {isa = PBXFileReference; explicitFileType = wrapper.application; includeInIndex = 0; path = ImageGallery.app; sourceTree = BUILT_PRODUCTS_DIR; };
		F992731D1CB422B0001CC471 /* ImageGalleryTests.xctest */ = {isa = PBXFileReference; explicitFileType = wrapper.cfbundle; includeInIndex = 0; path = ImageGalleryTests.xctest; sourceTree = BUILT_PRODUCTS_DIR; };
		F99273211CB422B0001CC471 /* ImageGalleryTests.swift */ = {isa = PBXFileReference; lastKnownFileType = sourcecode.swift; path = ImageGalleryTests.swift; sourceTree = "<group>"; };
		F99273231CB422B0001CC471 /* Info.plist */ = {isa = PBXFileReference; lastKnownFileType = text.plist.xml; path = Info.plist; sourceTree = "<group>"; };
		F99273281CB422B0001CC471 /* ImageGalleryUITests.xctest */ = {isa = PBXFileReference; explicitFileType = wrapper.cfbundle; includeInIndex = 0; path = ImageGalleryUITests.xctest; sourceTree = BUILT_PRODUCTS_DIR; };
		F992732C1CB422B0001CC471 /* ImageGalleryUITests.swift */ = {isa = PBXFileReference; lastKnownFileType = sourcecode.swift; path = ImageGalleryUITests.swift; sourceTree = "<group>"; };
		F992732E1CB422B0001CC471 /* Info.plist */ = {isa = PBXFileReference; lastKnownFileType = text.plist.xml; path = Info.plist; sourceTree = "<group>"; };
/* End PBXFileReference section */

/* Begin PBXFrameworksBuildPhase section */
		F99273061CB422B0001CC471 /* Frameworks */ = {
			isa = PBXFrameworksBuildPhase;
			buildActionMask = 2147483647;
			files = (
				163E0D655C8DC6578980957D /* Pods_ImageGallery.framework in Frameworks */,
			);
			runOnlyForDeploymentPostprocessing = 0;
		};
		F992731A1CB422B0001CC471 /* Frameworks */ = {
			isa = PBXFrameworksBuildPhase;
			buildActionMask = 2147483647;
			files = (
			);
			runOnlyForDeploymentPostprocessing = 0;
		};
		F99273251CB422B0001CC471 /* Frameworks */ = {
			isa = PBXFrameworksBuildPhase;
			buildActionMask = 2147483647;
			files = (
			);
			runOnlyForDeploymentPostprocessing = 0;
		};
/* End PBXFrameworksBuildPhase section */

/* Begin PBXGroup section */
		0B0A820AF830B6A880558CE8 /* Pods */ = {
			isa = PBXGroup;
			children = (
				775BE9432AD52FB5162B97BC /* Pods-ImageGallery.debug.xcconfig */,
				931DA09D4300928E5E8D8B36 /* Pods-ImageGallery.release.xcconfig */,
			);
			name = Pods;
			sourceTree = "<group>";
		};
		532F230B6F85CE04623BB212 /* Frameworks */ = {
			isa = PBXGroup;
			children = (
				4D4B2FC033E40229DB5FEC18 /* Pods_ImageGallery.framework */,
			);
			name = Frameworks;
			sourceTree = "<group>";
		};
		F9365C101CBC1E6A0076FC30 /* ImageGallery */ = {
			isa = PBXGroup;
			children = (
				F9365C111CBC1E6A0076FC30 /* AppDelegate.swift */,
				F9365C121CBC1E6A0076FC30 /* Assets.xcassets */,
				F9365C131CBC1E6A0076FC30 /* LaunchScreen.storyboard */,
				F9365C151CBC1E6A0076FC30 /* Main.storyboard */,
				F9365C171CBC1E6A0076FC30 /* Controllers */,
				F9365C611CBC1E6A0076FC30 /* Models */,
				F9365C771CBC1E6A0076FC30 /* Views */,
				F9365CBD1CBC1E9A0076FC30 /* Libraries */,
				F9365C601CBC1E6A0076FC30 /* Info.plist */,
				F9365C6A1CBC1E6A0076FC30 /* Resources */,
			);
			path = ImageGallery;
			sourceTree = "<group>";
		};
		F9365C171CBC1E6A0076FC30 /* Controllers */ = {
			isa = PBXGroup;
			children = (
				F9365C181CBC1E6A0076FC30 /* AppInfoViewController.swift */,
				F9365C191CBC1E6A0076FC30 /* DetailViewController.swift */,
				F9365C1A1CBC1E6A0076FC30 /* HomeViewController.swift */,
				F9365C1B1CBC1E6A0076FC30 /* LoginViewController.swift */,
			);
			path = Controllers;
			sourceTree = "<group>";
		};
		F9365C1C1CBC1E6A0076FC30 /* iCarousel */ = {
			isa = PBXGroup;
			children = (
				F9365C1D1CBC1E6A0076FC30 /* iCarousel.h */,
				F9365C1E1CBC1E6A0076FC30 /* iCarousel.m */,
			);
			path = iCarousel;
			sourceTree = "<group>";
		};
		F9365C1F1CBC1E6A0076FC30 /* ImgurSession */ = {
			isa = PBXGroup;
			children = (
				F9365C231CBC1E6A0076FC30 /* IMGResponseSerializer.h */,
				F9365C241CBC1E6A0076FC30 /* IMGResponseSerializer.m */,
				F9365C251CBC1E6A0076FC30 /* IMGSession.h */,
				F9365C261CBC1E6A0076FC30 /* IMGSession.m */,
				F9365C271CBC1E6A0076FC30 /* ImgurSession.h */,
				F9365C281CBC1E6A0076FC30 /* Models */,
				F9365C491CBC1E6A0076FC30 /* NSDictionary+IMG.h */,
				F9365C4A1CBC1E6A0076FC30 /* NSDictionary+IMG.m */,
				F9365C4B1CBC1E6A0076FC30 /* NSError+IMGError.h */,
				F9365C4C1CBC1E6A0076FC30 /* NSError+IMGError.m */,
				F9365C4D1CBC1E6A0076FC30 /* Requests */,
			);
			path = ImgurSession;
			sourceTree = "<group>";
		};
		F9365C281CBC1E6A0076FC30 /* Models */ = {
			isa = PBXGroup;
			children = (
				F9365C291CBC1E6A0076FC30 /* IMGAccount.h */,
				F9365C2A1CBC1E6A0076FC30 /* IMGAccount.m */,
				F9365C2B1CBC1E6A0076FC30 /* IMGAccountSettings.h */,
				F9365C2C1CBC1E6A0076FC30 /* IMGAccountSettings.m */,
				F9365C2D1CBC1E6A0076FC30 /* IMGAlbum.h */,
				F9365C2E1CBC1E6A0076FC30 /* IMGAlbum.m */,
				F9365C2F1CBC1E6A0076FC30 /* IMGBasicAlbum.h */,
				F9365C301CBC1E6A0076FC30 /* IMGBasicAlbum.m */,
				F9365C311CBC1E6A0076FC30 /* IMGComment.h */,
				F9365C321CBC1E6A0076FC30 /* IMGComment.m */,
				F9365C331CBC1E6A0076FC30 /* IMGConversation.h */,
				F9365C341CBC1E6A0076FC30 /* IMGConversation.m */,
				F9365C351CBC1E6A0076FC30 /* IMGGalleryAlbum.h */,
				F9365C361CBC1E6A0076FC30 /* IMGGalleryAlbum.m */,
				F9365C371CBC1E6A0076FC30 /* IMGGalleryImage.h */,
				F9365C381CBC1E6A0076FC30 /* IMGGalleryImage.m */,
				F9365C391CBC1E6A0076FC30 /* IMGGalleryObject.h */,
				F9365C3A1CBC1E6A0076FC30 /* IMGGalleryProfile.h */,
				F9365C3B1CBC1E6A0076FC30 /* IMGGalleryProfile.m */,
				F9365C3C1CBC1E6A0076FC30 /* IMGImage.h */,
				F9365C3D1CBC1E6A0076FC30 /* IMGImage.m */,
				F9365C3E1CBC1E6A0076FC30 /* IMGMeme.h */,
				F9365C3F1CBC1E6A0076FC30 /* IMGMeme.m */,
				F9365C401CBC1E6A0076FC30 /* IMGMessage.h */,
				F9365C411CBC1E6A0076FC30 /* IMGMessage.m */,
				F9365C421CBC1E6A0076FC30 /* IMGModel.h */,
				F9365C431CBC1E6A0076FC30 /* IMGModel.m */,
				F9365C441CBC1E6A0076FC30 /* IMGNotification.h */,
				F9365C451CBC1E6A0076FC30 /* IMGNotification.m */,
				F9365C461CBC1E6A0076FC30 /* IMGObject.h */,
				F9365C471CBC1E6A0076FC30 /* IMGVote.h */,
				F9365C481CBC1E6A0076FC30 /* IMGVote.m */,
			);
			path = Models;
			sourceTree = "<group>";
		};
		F9365C4D1CBC1E6A0076FC30 /* Requests */ = {
			isa = PBXGroup;
			children = (
				F9365C4E1CBC1E6A0076FC30 /* IMGAccountRequest.h */,
				F9365C4F1CBC1E6A0076FC30 /* IMGAccountRequest.m */,
				F9365C501CBC1E6A0076FC30 /* IMGAlbumRequest.h */,
				F9365C511CBC1E6A0076FC30 /* IMGAlbumRequest.m */,
				F9365C521CBC1E6A0076FC30 /* IMGCommentRequest.h */,
				F9365C531CBC1E6A0076FC30 /* IMGCommentRequest.m */,
				F9365C541CBC1E6A0076FC30 /* IMGConversationRequest.h */,
				F9365C551CBC1E6A0076FC30 /* IMGConversationRequest.m */,
				F9365C561CBC1E6A0076FC30 /* IMGEndpoint.h */,
				F9365C571CBC1E6A0076FC30 /* IMGEndpoint.m */,
				F9365C581CBC1E6A0076FC30 /* IMGGalleryRequest.h */,
				F9365C591CBC1E6A0076FC30 /* IMGGalleryRequest.m */,
				F9365C5A1CBC1E6A0076FC30 /* IMGImageRequest.h */,
				F9365C5B1CBC1E6A0076FC30 /* IMGImageRequest.m */,
				F9365C5C1CBC1E6A0076FC30 /* IMGMemeGen.h */,
				F9365C5D1CBC1E6A0076FC30 /* IMGMemeGen.m */,
				F9365C5E1CBC1E6A0076FC30 /* IMGNotificationRequest.h */,
				F9365C5F1CBC1E6A0076FC30 /* IMGNotificationRequest.m */,
			);
			path = Requests;
			sourceTree = "<group>";
		};
		F9365C611CBC1E6A0076FC30 /* Models */ = {
			isa = PBXGroup;
			children = (
				F9365C621CBC1E6A0076FC30 /* DataProviders */,
				F9365C661CBC1E6A0076FC30 /* Extension */,
				F9365C681CBC1E6A0076FC30 /* Protocol */,
			);
			path = Models;
			sourceTree = "<group>";
		};
		F9365C621CBC1E6A0076FC30 /* DataProviders */ = {
			isa = PBXGroup;
			children = (
				F9365C631CBC1E6A0076FC30 /* Constants.swift */,
				F9365C641CBC1E6A0076FC30 /* DataManager.swift */,
				F9365C651CBC1E6A0076FC30 /* NetworkManager.swift */,
			);
			path = DataProviders;
			sourceTree = "<group>";
		};
		F9365C661CBC1E6A0076FC30 /* Extension */ = {
			isa = PBXGroup;
			children = (
				F9365C671CBC1E6A0076FC30 /* UIScrollView+Custom.swift */,
			);
			path = Extension;
			sourceTree = "<group>";
		};
		F9365C681CBC1E6A0076FC30 /* Protocol */ = {
			isa = PBXGroup;
			children = (
				F9365C691CBC1E6A0076FC30 /* Protocols.swift */,
			);
			path = Protocol;
			sourceTree = "<group>";
		};
		F9365C6A1CBC1E6A0076FC30 /* Resources */ = {
			isa = PBXGroup;
			children = (
				F9365C6B1CBC1E6A0076FC30 /* Images */,
				F9365C761CBC1E6A0076FC30 /* Storyboard */,
			);
			path = Resources;
			sourceTree = "<group>";
		};
		F9365C6B1CBC1E6A0076FC30 /* Images */ = {
			isa = PBXGroup;
			children = (
				F9365C6C1CBC1E6A0076FC30 /* appicon1.png */,
				F9365C6D1CBC1E6A0076FC30 /* appicon2png.png */,
				F9365C6E1CBC1E6A0076FC30 /* backArrow.png */,
				F9365C6F1CBC1E6A0076FC30 /* DownArrow.png */,
				F9365C701CBC1E6A0076FC30 /* gridIcon.png */,
				F9365C711CBC1E6A0076FC30 /* listIcon.png */,
				F9365C721CBC1E6A0076FC30 /* placeholder2.png */,
				F9365C731CBC1E6A0076FC30 /* Screenshots */,
				F9365C741CBC1E6A0076FC30 /* staggeredGridIcon.png */,
				F9365C751CBC1E6A0076FC30 /* UpArrow.png */,
			);
			path = Images;
			sourceTree = "<group>";
		};
		F9365C731CBC1E6A0076FC30 /* Screenshots */ = {
			isa = PBXGroup;
			children = (
				F9365CCA1CBC23760076FC30 /* App_Info.png */,
				F9365CBE1CBC1F300076FC30 /* Staggered_Grid.png */,
				F9365CBF1CBC1F300076FC30 /* List.png */,
				F9365CC01CBC1F300076FC30 /* Grid.png */,
				F9365CC11CBC1F300076FC30 /* Main_Menu.png */,
				F9365CC21CBC1F300076FC30 /* Image_Gallery.png */,
			);
			path = Screenshots;
			sourceTree = "<group>";
		};
		F9365C761CBC1E6A0076FC30 /* Storyboard */ = {
			isa = PBXGroup;
			children = (
			);
			path = Storyboard;
			sourceTree = "<group>";
		};
		F9365C771CBC1E6A0076FC30 /* Views */ = {
			isa = PBXGroup;
			children = (
				F9365C781CBC1E6A0076FC30 /* CollectionView */,
				F9365C7C1CBC1E6A0076FC30 /* TableView */,
			);
			path = Views;
			sourceTree = "<group>";
		};
		F9365C781CBC1E6A0076FC30 /* CollectionView */ = {
			isa = PBXGroup;
			children = (
				F9365C791CBC1E6A0076FC30 /* GalleryCollectionView.swift */,
				F9365C7A1CBC1E6A0076FC30 /* GalleryCollectionViewCell.swift */,
				F9365C7B1CBC1E6A0076FC30 /* GalleryCollectionViewCell.xib */,
			);
			path = CollectionView;
			sourceTree = "<group>";
		};
		F9365C7C1CBC1E6A0076FC30 /* TableView */ = {
			isa = PBXGroup;
			children = (
				F9365C7D1CBC1E6A0076FC30 /* GalleryTableView.swift */,
				F9365C7E1CBC1E6A0076FC30 /* GalleryTableViewCell.swift */,
				F9365C7F1CBC1E6A0076FC30 /* GalleryTableViewCell.xib */,
				F9365C801CBC1E6A0076FC30 /* MenuTableView.swift */,
			);
			path = TableView;
			sourceTree = "<group>";
		};
		F9365CBD1CBC1E9A0076FC30 /* Libraries */ = {
			isa = PBXGroup;
			children = (
				F9365C1C1CBC1E6A0076FC30 /* iCarousel */,
				F9365C1F1CBC1E6A0076FC30 /* ImgurSession */,
			);
			name = Libraries;
			sourceTree = "<group>";
		};
		F99273001CB422B0001CC471 = {
			isa = PBXGroup;
			children = (
				F96702121CB5889A00E5759D /* Bridging_Header.h */,
				F9365C101CBC1E6A0076FC30 /* ImageGallery */,
				F99273201CB422B0001CC471 /* ImageGalleryTests */,
				F992732B1CB422B0001CC471 /* ImageGalleryUITests */,
				F992730A1CB422B0001CC471 /* Products */,
				0B0A820AF830B6A880558CE8 /* Pods */,
				532F230B6F85CE04623BB212 /* Frameworks */,
			);
			sourceTree = "<group>";
		};
		F992730A1CB422B0001CC471 /* Products */ = {
			isa = PBXGroup;
			children = (
				F99273091CB422B0001CC471 /* ImageGallery.app */,
				F992731D1CB422B0001CC471 /* ImageGalleryTests.xctest */,
				F99273281CB422B0001CC471 /* ImageGalleryUITests.xctest */,
			);
			name = Products;
			sourceTree = "<group>";
		};
		F99273201CB422B0001CC471 /* ImageGalleryTests */ = {
			isa = PBXGroup;
			children = (
				F99273211CB422B0001CC471 /* ImageGalleryTests.swift */,
				F99273231CB422B0001CC471 /* Info.plist */,
			);
			path = ImageGalleryTests;
			sourceTree = "<group>";
		};
		F992732B1CB422B0001CC471 /* ImageGalleryUITests */ = {
			isa = PBXGroup;
			children = (
				F992732C1CB422B0001CC471 /* ImageGalleryUITests.swift */,
				F992732E1CB422B0001CC471 /* Info.plist */,
			);
			path = ImageGalleryUITests;
			sourceTree = "<group>";
		};
/* End PBXGroup section */

/* Begin PBXNativeTarget section */
		F99273081CB422B0001CC471 /* ImageGallery */ = {
			isa = PBXNativeTarget;
			buildConfigurationList = F99273311CB422B0001CC471 /* Build configuration list for PBXNativeTarget "ImageGallery" */;
			buildPhases = (
				3E781797F5F2F62F7B2A2817 /* Check Pods Manifest.lock */,
				F99273051CB422B0001CC471 /* Sources */,
				F99273061CB422B0001CC471 /* Frameworks */,
				F99273071CB422B0001CC471 /* Resources */,
				0D33C1572E160E7FE9E3A546 /* Embed Pods Frameworks */,
				289740DFA0FA5064B67893B8 /* Copy Pods Resources */,
			);
			buildRules = (
			);
			dependencies = (
			);
			name = ImageGallery;
			productName = ImageGallery;
			productReference = F99273091CB422B0001CC471 /* ImageGallery.app */;
			productType = "com.apple.product-type.application";
		};
		F992731C1CB422B0001CC471 /* ImageGalleryTests */ = {
			isa = PBXNativeTarget;
			buildConfigurationList = F99273341CB422B0001CC471 /* Build configuration list for PBXNativeTarget "ImageGalleryTests" */;
			buildPhases = (
				F99273191CB422B0001CC471 /* Sources */,
				F992731A1CB422B0001CC471 /* Frameworks */,
				F992731B1CB422B0001CC471 /* Resources */,
			);
			buildRules = (
			);
			dependencies = (
				F992731F1CB422B0001CC471 /* PBXTargetDependency */,
			);
			name = ImageGalleryTests;
			productName = ImageGalleryTests;
			productReference = F992731D1CB422B0001CC471 /* ImageGalleryTests.xctest */;
			productType = "com.apple.product-type.bundle.unit-test";
		};
		F99273271CB422B0001CC471 /* ImageGalleryUITests */ = {
			isa = PBXNativeTarget;
			buildConfigurationList = F99273371CB422B0001CC471 /* Build configuration list for PBXNativeTarget "ImageGalleryUITests" */;
			buildPhases = (
				F99273241CB422B0001CC471 /* Sources */,
				F99273251CB422B0001CC471 /* Frameworks */,
				F99273261CB422B0001CC471 /* Resources */,
			);
			buildRules = (
			);
			dependencies = (
				F992732A1CB422B0001CC471 /* PBXTargetDependency */,
			);
			name = ImageGalleryUITests;
			productName = ImageGalleryUITests;
			productReference = F99273281CB422B0001CC471 /* ImageGalleryUITests.xctest */;
			productType = "com.apple.product-type.bundle.ui-testing";
		};
/* End PBXNativeTarget section */

/* Begin PBXProject section */
		F99273011CB422B0001CC471 /* Project object */ = {
			isa = PBXProject;
			attributes = {
				LastSwiftUpdateCheck = 0720;
				LastUpgradeCheck = 0720;
				ORGANIZATIONNAME = Suresh;
				TargetAttributes = {
					F99273081CB422B0001CC471 = {
						CreatedOnToolsVersion = 7.2;
					};
					F992731C1CB422B0001CC471 = {
						CreatedOnToolsVersion = 7.2;
						TestTargetID = F99273081CB422B0001CC471;
					};
					F99273271CB422B0001CC471 = {
						CreatedOnToolsVersion = 7.2;
						TestTargetID = F99273081CB422B0001CC471;
					};
				};
			};
			buildConfigurationList = F99273041CB422B0001CC471 /* Build configuration list for PBXProject "ImageGallery" */;
			compatibilityVersion = "Xcode 3.2";
			developmentRegion = English;
			hasScannedForEncodings = 0;
			knownRegions = (
				en,
				Base,
			);
			mainGroup = F99273001CB422B0001CC471;
			productRefGroup = F992730A1CB422B0001CC471 /* Products */;
			projectDirPath = "";
			projectRoot = "";
			targets = (
				F99273081CB422B0001CC471 /* ImageGallery */,
				F992731C1CB422B0001CC471 /* ImageGalleryTests */,
				F99273271CB422B0001CC471 /* ImageGalleryUITests */,
			);
		};
/* End PBXProject section */

/* Begin PBXResourcesBuildPhase section */
		F99273071CB422B0001CC471 /* Resources */ = {
			isa = PBXResourcesBuildPhase;
			buildActionMask = 2147483647;
			files = (
				F9365CB41CBC1E6A0076FC30 /* staggeredGridIcon.png in Resources */,
				F9365CC51CBC1F300076FC30 /* Grid.png in Resources */,
				F9365CB51CBC1E6A0076FC30 /* UpArrow.png in Resources */,
				F9365CC61CBC1F300076FC30 /* Main_Menu.png in Resources */,
				F9365CC31CBC1F300076FC30 /* Staggered_Grid.png in Resources */,
				F9365CB11CBC1E6A0076FC30 /* gridIcon.png in Resources */,
				F9365CA71CBC1E6A0076FC30 /* Info.plist in Resources */,
				F9365CC41CBC1F300076FC30 /* List.png in Resources */,
				F9365C841CBC1E6A0076FC30 /* Main.storyboard in Resources */,
				F9365CB81CBC1E6A0076FC30 /* GalleryCollectionViewCell.xib in Resources */,
				F9365CCB1CBC23760076FC30 /* App_Info.png in Resources */,
				F9365CB31CBC1E6A0076FC30 /* placeholder2.png in Resources */,
				F9365CBB1CBC1E6A0076FC30 /* GalleryTableViewCell.xib in Resources */,
				F9365CAF1CBC1E6A0076FC30 /* backArrow.png in Resources */,
				F9365CB01CBC1E6A0076FC30 /* DownArrow.png in Resources */,
				F9365C821CBC1E6A0076FC30 /* Assets.xcassets in Resources */,
				F9365CAE1CBC1E6A0076FC30 /* appicon2png.png in Resources */,
				F9365CC71CBC1F300076FC30 /* Image_Gallery.png in Resources */,
				F9365CB21CBC1E6A0076FC30 /* listIcon.png in Resources */,
				F9365C831CBC1E6A0076FC30 /* LaunchScreen.storyboard in Resources */,
				F9365CAD1CBC1E6A0076FC30 /* appicon1.png in Resources */,
			);
			runOnlyForDeploymentPostprocessing = 0;
		};
		F992731B1CB422B0001CC471 /* Resources */ = {
			isa = PBXResourcesBuildPhase;
			buildActionMask = 2147483647;
			files = (
			);
			runOnlyForDeploymentPostprocessing = 0;
		};
		F99273261CB422B0001CC471 /* Resources */ = {
			isa = PBXResourcesBuildPhase;
			buildActionMask = 2147483647;
			files = (
			);
			runOnlyForDeploymentPostprocessing = 0;
		};
/* End PBXResourcesBuildPhase section */

/* Begin PBXShellScriptBuildPhase section */
		0D33C1572E160E7FE9E3A546 /* Embed Pods Frameworks */ = {
			isa = PBXShellScriptBuildPhase;
			buildActionMask = 2147483647;
			files = (
			);
			inputPaths = (
			);
			name = "Embed Pods Frameworks";
			outputPaths = (
			);
			runOnlyForDeploymentPostprocessing = 0;
			shellPath = /bin/sh;
			shellScript = "\"${SRCROOT}/Pods/Target Support Files/Pods-ImageGallery/Pods-ImageGallery-frameworks.sh\"\n";
			showEnvVarsInLog = 0;
		};
		289740DFA0FA5064B67893B8 /* Copy Pods Resources */ = {
			isa = PBXShellScriptBuildPhase;
			buildActionMask = 2147483647;
			files = (
			);
			inputPaths = (
			);
			name = "Copy Pods Resources";
			outputPaths = (
			);
			runOnlyForDeploymentPostprocessing = 0;
			shellPath = /bin/sh;
			shellScript = "\"${SRCROOT}/Pods/Target Support Files/Pods-ImageGallery/Pods-ImageGallery-resources.sh\"\n";
			showEnvVarsInLog = 0;
		};
		3E781797F5F2F62F7B2A2817 /* Check Pods Manifest.lock */ = {
			isa = PBXShellScriptBuildPhase;
			buildActionMask = 2147483647;
			files = (
			);
			inputPaths = (
			);
			name = "Check Pods Manifest.lock";
			outputPaths = (
			);
			runOnlyForDeploymentPostprocessing = 0;
			shellPath = /bin/sh;
			shellScript = "diff \"${PODS_ROOT}/../Podfile.lock\" \"${PODS_ROOT}/Manifest.lock\" > /dev/null\nif [[ $? != 0 ]] ; then\n    cat << EOM\nerror: The sandbox is not in sync with the Podfile.lock. Run 'pod install' or update your CocoaPods installation.\nEOM\n    exit 1\nfi\n";
			showEnvVarsInLog = 0;
		};
/* End PBXShellScriptBuildPhase section */

/* Begin PBXSourcesBuildPhase section */
		F99273051CB422B0001CC471 /* Sources */ = {
			isa = PBXSourcesBuildPhase;
			buildActionMask = 2147483647;
			files = (
				F9365CAA1CBC1E6A0076FC30 /* NetworkManager.swift in Sources */,
				F9365C8E1CBC1E6A0076FC30 /* IMGAccountSettings.m in Sources */,
				F9365C971CBC1E6A0076FC30 /* IMGMeme.m in Sources */,
				F9365C8B1CBC1E6A0076FC30 /* IMGResponseSerializer.m in Sources */,
				F9365C9F1CBC1E6A0076FC30 /* IMGAlbumRequest.m in Sources */,
				F9365CA31CBC1E6A0076FC30 /* IMGGalleryRequest.m in Sources */,
				F9365CA01CBC1E6A0076FC30 /* IMGCommentRequest.m in Sources */,
				F9365C961CBC1E6A0076FC30 /* IMGImage.m in Sources */,
				F9365CBA1CBC1E6A0076FC30 /* GalleryTableViewCell.swift in Sources */,
				F9365C9E1CBC1E6A0076FC30 /* IMGAccountRequest.m in Sources */,
				F9365CB61CBC1E6A0076FC30 /* GalleryCollectionView.swift in Sources */,
				F9365C861CBC1E6A0076FC30 /* DetailViewController.swift in Sources */,
				F9365C851CBC1E6A0076FC30 /* AppInfoViewController.swift in Sources */,
				F9365C941CBC1E6A0076FC30 /* IMGGalleryImage.m in Sources */,
				F9365C9B1CBC1E6A0076FC30 /* IMGVote.m in Sources */,
				F9365C811CBC1E6A0076FC30 /* AppDelegate.swift in Sources */,
				F9365C8C1CBC1E6A0076FC30 /* IMGSession.m in Sources */,
				F9365CAC1CBC1E6A0076FC30 /* Protocols.swift in Sources */,
				F9365CA51CBC1E6A0076FC30 /* IMGMemeGen.m in Sources */,
				F9365CA21CBC1E6A0076FC30 /* IMGEndpoint.m in Sources */,
				F9365CB71CBC1E6A0076FC30 /* GalleryCollectionViewCell.swift in Sources */,
				F9365C991CBC1E6A0076FC30 /* IMGModel.m in Sources */,
				F9365C8D1CBC1E6A0076FC30 /* IMGAccount.m in Sources */,
				F9365CA41CBC1E6A0076FC30 /* IMGImageRequest.m in Sources */,
				F9365C9D1CBC1E6A0076FC30 /* NSError+IMGError.m in Sources */,
				F9365C911CBC1E6A0076FC30 /* IMGComment.m in Sources */,
				F9365C901CBC1E6A0076FC30 /* IMGBasicAlbum.m in Sources */,
				F9365C921CBC1E6A0076FC30 /* IMGConversation.m in Sources */,
				F9365C9A1CBC1E6A0076FC30 /* IMGNotification.m in Sources */,
				F9365C931CBC1E6A0076FC30 /* IMGGalleryAlbum.m in Sources */,
				F9365CAB1CBC1E6A0076FC30 /* UIScrollView+Custom.swift in Sources */,
				F9365CA91CBC1E6A0076FC30 /* DataManager.swift in Sources */,
				F9365CA61CBC1E6A0076FC30 /* IMGNotificationRequest.m in Sources */,
				F9365C981CBC1E6A0076FC30 /* IMGMessage.m in Sources */,
				F9365C9C1CBC1E6A0076FC30 /* NSDictionary+IMG.m in Sources */,
				F9365C891CBC1E6A0076FC30 /* iCarousel.m in Sources */,
				F9365C881CBC1E6A0076FC30 /* LoginViewController.swift in Sources */,
				F9365C951CBC1E6A0076FC30 /* IMGGalleryProfile.m in Sources */,
				F9365C871CBC1E6A0076FC30 /* HomeViewController.swift in Sources */,
				F9365CBC1CBC1E6A0076FC30 /* MenuTableView.swift in Sources */,
				F9365CA11CBC1E6A0076FC30 /* IMGConversationRequest.m in Sources */,
				F9365C8F1CBC1E6A0076FC30 /* IMGAlbum.m in Sources */,
				F9365CA81CBC1E6A0076FC30 /* Constants.swift in Sources */,
				F9365CB91CBC1E6A0076FC30 /* GalleryTableView.swift in Sources */,
			);
			runOnlyForDeploymentPostprocessing = 0;
		};
		F99273191CB422B0001CC471 /* Sources */ = {
			isa = PBXSourcesBuildPhase;
			buildActionMask = 2147483647;
			files = (
				F99273221CB422B0001CC471 /* ImageGalleryTests.swift in Sources */,
			);
			runOnlyForDeploymentPostprocessing = 0;
		};
		F99273241CB422B0001CC471 /* Sources */ = {
			isa = PBXSourcesBuildPhase;
			buildActionMask = 2147483647;
			files = (
				F992732D1CB422B0001CC471 /* ImageGalleryUITests.swift in Sources */,
			);
			runOnlyForDeploymentPostprocessing = 0;
		};
/* End PBXSourcesBuildPhase section */

/* Begin PBXTargetDependency section */
		F992731F1CB422B0001CC471 /* PBXTargetDependency */ = {
			isa = PBXTargetDependency;
			target = F99273081CB422B0001CC471 /* ImageGallery */;
			targetProxy = F992731E1CB422B0001CC471 /* PBXContainerItemProxy */;
		};
		F992732A1CB422B0001CC471 /* PBXTargetDependency */ = {
			isa = PBXTargetDependency;
			target = F99273081CB422B0001CC471 /* ImageGallery */;
			targetProxy = F99273291CB422B0001CC471 /* PBXContainerItemProxy */;
		};
/* End PBXTargetDependency section */

/* Begin PBXVariantGroup section */
		F9365C131CBC1E6A0076FC30 /* LaunchScreen.storyboard */ = {
			isa = PBXVariantGroup;
			children = (
				F9365C141CBC1E6A0076FC30 /* Base */,
			);
			name = LaunchScreen.storyboard;
			sourceTree = "<group>";
		};
		F9365C151CBC1E6A0076FC30 /* Main.storyboard */ = {
			isa = PBXVariantGroup;
			children = (
				F9365C161CBC1E6A0076FC30 /* Base */,
			);
			name = Main.storyboard;
			sourceTree = "<group>";
		};
/* End PBXVariantGroup section */

/* Begin XCBuildConfiguration section */
		F992732F1CB422B0001CC471 /* Debug */ = {
			isa = XCBuildConfiguration;
			buildSettings = {
				ALWAYS_SEARCH_USER_PATHS = NO;
				CLANG_CXX_LANGUAGE_STANDARD = "gnu++0x";
				CLANG_CXX_LIBRARY = "libc++";
				CLANG_ENABLE_MODULES = YES;
				CLANG_ENABLE_OBJC_ARC = YES;
				CLANG_WARN_BOOL_CONVERSION = YES;
				CLANG_WARN_CONSTANT_CONVERSION = YES;
				CLANG_WARN_DIRECT_OBJC_ISA_USAGE = YES_ERROR;
				CLANG_WARN_EMPTY_BODY = YES;
				CLANG_WARN_ENUM_CONVERSION = YES;
				CLANG_WARN_INT_CONVERSION = YES;
				CLANG_WARN_OBJC_ROOT_CLASS = YES_ERROR;
				CLANG_WARN_UNREACHABLE_CODE = YES;
				CLANG_WARN__DUPLICATE_METHOD_MATCH = YES;
				"CODE_SIGN_IDENTITY[sdk=iphoneos*]" = "iPhone Developer";
				COPY_PHASE_STRIP = NO;
				DEBUG_INFORMATION_FORMAT = dwarf;
				ENABLE_STRICT_OBJC_MSGSEND = YES;
				ENABLE_TESTABILITY = YES;
				GCC_C_LANGUAGE_STANDARD = gnu99;
				GCC_DYNAMIC_NO_PIC = NO;
				GCC_NO_COMMON_BLOCKS = YES;
				GCC_OPTIMIZATION_LEVEL = 0;
				GCC_PREPROCESSOR_DEFINITIONS = (
					"DEBUG=1",
					"$(inherited)",
				);
				GCC_WARN_64_TO_32_BIT_CONVERSION = YES;
				GCC_WARN_ABOUT_RETURN_TYPE = YES_ERROR;
				GCC_WARN_UNDECLARED_SELECTOR = YES;
				GCC_WARN_UNINITIALIZED_AUTOS = YES_AGGRESSIVE;
				GCC_WARN_UNUSED_FUNCTION = YES;
				GCC_WARN_UNUSED_VARIABLE = YES;
				IPHONEOS_DEPLOYMENT_TARGET = 8.4;
				MTL_ENABLE_DEBUG_INFO = YES;
				ONLY_ACTIVE_ARCH = YES;
				SDKROOT = iphoneos;
				SWIFT_OPTIMIZATION_LEVEL = "-Onone";
			};
			name = Debug;
		};
		F99273301CB422B0001CC471 /* Release */ = {
			isa = XCBuildConfiguration;
			buildSettings = {
				ALWAYS_SEARCH_USER_PATHS = NO;
				CLANG_CXX_LANGUAGE_STANDARD = "gnu++0x";
				CLANG_CXX_LIBRARY = "libc++";
				CLANG_ENABLE_MODULES = YES;
				CLANG_ENABLE_OBJC_ARC = YES;
				CLANG_WARN_BOOL_CONVERSION = YES;
				CLANG_WARN_CONSTANT_CONVERSION = YES;
				CLANG_WARN_DIRECT_OBJC_ISA_USAGE = YES_ERROR;
				CLANG_WARN_EMPTY_BODY = YES;
				CLANG_WARN_ENUM_CONVERSION = YES;
				CLANG_WARN_INT_CONVERSION = YES;
				CLANG_WARN_OBJC_ROOT_CLASS = YES_ERROR;
				CLANG_WARN_UNREACHABLE_CODE = YES;
				CLANG_WARN__DUPLICATE_METHOD_MATCH = YES;
				"CODE_SIGN_IDENTITY[sdk=iphoneos*]" = "iPhone Developer";
				COPY_PHASE_STRIP = NO;
				DEBUG_INFORMATION_FORMAT = "dwarf-with-dsym";
				ENABLE_NS_ASSERTIONS = NO;
				ENABLE_STRICT_OBJC_MSGSEND = YES;
				GCC_C_LANGUAGE_STANDARD = gnu99;
				GCC_NO_COMMON_BLOCKS = YES;
				GCC_WARN_64_TO_32_BIT_CONVERSION = YES;
				GCC_WARN_ABOUT_RETURN_TYPE = YES_ERROR;
				GCC_WARN_UNDECLARED_SELECTOR = YES;
				GCC_WARN_UNINITIALIZED_AUTOS = YES_AGGRESSIVE;
				GCC_WARN_UNUSED_FUNCTION = YES;
				GCC_WARN_UNUSED_VARIABLE = YES;
				IPHONEOS_DEPLOYMENT_TARGET = 8.4;
				MTL_ENABLE_DEBUG_INFO = NO;
				SDKROOT = iphoneos;
				VALIDATE_PRODUCT = YES;
			};
			name = Release;
		};
		F99273321CB422B0001CC471 /* Debug */ = {
			isa = XCBuildConfiguration;
			baseConfigurationReference = 775BE9432AD52FB5162B97BC /* Pods-ImageGallery.debug.xcconfig */;
			buildSettings = {
				ASSETCATALOG_COMPILER_APPICON_NAME = AppIcon;
				HEADER_SEARCH_PATHS = "$(PROJECT_DIR)/Pods/**";
				INFOPLIST_FILE = ImageGallery/Info.plist;
				LD_RUNPATH_SEARCH_PATHS = "$(inherited) @executable_path/Frameworks";
				LIBRARY_SEARCH_PATHS = "$(PROJECT_DIR)/Pods/**";
				PRODUCT_BUNDLE_IDENTIFIER = com.self.ImageGallery;
				PRODUCT_NAME = "$(TARGET_NAME)";
				SWIFT_OBJC_BRIDGING_HEADER = "$(PROJECT_DIR)/Bridging_Header.h";
			};
			name = Debug;
		};
		F99273331CB422B0001CC471 /* Release */ = {
			isa = XCBuildConfiguration;
			baseConfigurationReference = 931DA09D4300928E5E8D8B36 /* Pods-ImageGallery.release.xcconfig */;
			buildSettings = {
				ASSETCATALOG_COMPILER_APPICON_NAME = AppIcon;
				HEADER_SEARCH_PATHS = "$(PROJECT_DIR)/Pods/**";
				INFOPLIST_FILE = ImageGallery/Info.plist;
				LD_RUNPATH_SEARCH_PATHS = "$(inherited) @executable_path/Frameworks";
				LIBRARY_SEARCH_PATHS = "$(PROJECT_DIR)/Pods/**";
				PRODUCT_BUNDLE_IDENTIFIER = com.self.ImageGallery;
				PRODUCT_NAME = "$(TARGET_NAME)";
				SWIFT_OBJC_BRIDGING_HEADER = "$(PROJECT_DIR)/Bridging_Header.h";
			};
			name = Release;
		};
		F99273351CB422B0001CC471 /* Debug */ = {
			isa = XCBuildConfiguration;
			buildSettings = {
				BUNDLE_LOADER = "$(TEST_HOST)";
				INFOPLIST_FILE = ImageGalleryTests/Info.plist;
				LD_RUNPATH_SEARCH_PATHS = "$(inherited) @executable_path/Frameworks @loader_path/Frameworks";
				PRODUCT_BUNDLE_IDENTIFIER = com.self.ImageGalleryTests;
				PRODUCT_NAME = "$(TARGET_NAME)";
				TEST_HOST = "$(BUILT_PRODUCTS_DIR)/ImageGallery.app/ImageGallery";
			};
			name = Debug;
		};
		F99273361CB422B0001CC471 /* Release */ = {
			isa = XCBuildConfiguration;
			buildSettings = {
				BUNDLE_LOADER = "$(TEST_HOST)";
				INFOPLIST_FILE = ImageGalleryTests/Info.plist;
				LD_RUNPATH_SEARCH_PATHS = "$(inherited) @executable_path/Frameworks @loader_path/Frameworks";
				PRODUCT_BUNDLE_IDENTIFIER = com.self.ImageGalleryTests;
				PRODUCT_NAME = "$(TARGET_NAME)";
				TEST_HOST = "$(BUILT_PRODUCTS_DIR)/ImageGallery.app/ImageGallery";
			};
			name = Release;
		};
		F99273381CB422B0001CC471 /* Debug */ = {
			isa = XCBuildConfiguration;
			buildSettings = {
				INFOPLIST_FILE = ImageGalleryUITests/Info.plist;
				LD_RUNPATH_SEARCH_PATHS = "$(inherited) @executable_path/Frameworks @loader_path/Frameworks";
				PRODUCT_BUNDLE_IDENTIFIER = com.self.ImageGalleryUITests;
				PRODUCT_NAME = "$(TARGET_NAME)";
				TEST_TARGET_NAME = ImageGallery;
				USES_XCTRUNNER = YES;
			};
			name = Debug;
		};
		F99273391CB422B0001CC471 /* Release */ = {
			isa = XCBuildConfiguration;
			buildSettings = {
				INFOPLIST_FILE = ImageGalleryUITests/Info.plist;
				LD_RUNPATH_SEARCH_PATHS = "$(inherited) @executable_path/Frameworks @loader_path/Frameworks";
				PRODUCT_BUNDLE_IDENTIFIER = com.self.ImageGalleryUITests;
				PRODUCT_NAME = "$(TARGET_NAME)";
				TEST_TARGET_NAME = ImageGallery;
				USES_XCTRUNNER = YES;
			};
			name = Release;
		};
/* End XCBuildConfiguration section */

/* Begin XCConfigurationList section */
		F99273041CB422B0001CC471 /* Build configuration list for PBXProject "ImageGallery" */ = {
			isa = XCConfigurationList;
			buildConfigurations = (
				F992732F1CB422B0001CC471 /* Debug */,
				F99273301CB422B0001CC471 /* Release */,
			);
			defaultConfigurationIsVisible = 0;
			defaultConfigurationName = Debug;
		};
		F99273311CB422B0001CC471 /* Build configuration list for PBXNativeTarget "ImageGallery" */ = {
			isa = XCConfigurationList;
			buildConfigurations = (
				F99273321CB422B0001CC471 /* Debug */,
				F99273331CB422B0001CC471 /* Release */,
			);
			defaultConfigurationIsVisible = 0;
			defaultConfigurationName = Debug;
		};
		F99273341CB422B0001CC471 /* Build configuration list for PBXNativeTarget "ImageGalleryTests" */ = {
			isa = XCConfigurationList;
			buildConfigurations = (
				F99273351CB422B0001CC471 /* Debug */,
				F99273361CB422B0001CC471 /* Release */,
			);
			defaultConfigurationIsVisible = 0;
			defaultConfigurationName = Debug;
		};
		F99273371CB422B0001CC471 /* Build configuration list for PBXNativeTarget "ImageGalleryUITests" */ = {
			isa = XCConfigurationList;
			buildConfigurations = (
				F99273381CB422B0001CC471 /* Debug */,
				F99273391CB422B0001CC471 /* Release */,
			);
			defaultConfigurationIsVisible = 0;
			defaultConfigurationName = Debug;
		};
/* End XCConfigurationList section */
	};
	rootObject = F99273011CB422B0001CC471 /* Project object */;
}
